// !$*UTF8*$!
{
	archiveVersion = 1;
	classes = {
	};
	objectVersion = 77;
	objects = {

/* Begin PBXBuildFile section */
		BA642F6F2EE2804E0066AFEB /* AppDelegate.swift in Sources */ = {isa = PBXBuildFile; fileRef = BA642F6E2EE2804E0066AFEB /* AppDelegate.swift */; };
		BA642F712EE2804E0066AFEB /* SceneDelegate.swift in Sources */ = {isa = PBXBuildFile; fileRef = BA642F702EE2804E0066AFEB /* SceneDelegate.swift */; };
		BA642F742EE2804E0066AFEB /* LaunchScreen.storyboard in Resources */ = {isa = PBXBuildFile; fileRef = BA642F722EE2804E0066AFEB /* LaunchScreen.storyboard */; };
		BA642F772EE2804E0066AFEB /* Main.storyboard in Resources */ = {isa = PBXBuildFile; fileRef = BA642F752EE2804E0066AFEB /* Main.storyboard */; };
		BA642F802EE2804E0066AFEB /* AppDelegate.swift in Sources */ = {isa = PBXBuildFile; fileRef = BA642F7F2EE2804E0066AFEB /* AppDelegate.swift */; };
		BA642F832EE2804E0066AFEB /* Main.storyboard in Resources */ = {isa = PBXBuildFile; fileRef = BA642F812EE2804E0066AFEB /* Main.storyboard */; };
		BA642F8A2EE2804E0066AFEB /* NoLet Extension.appex in Embed Foundation Extensions */ = {isa = PBXBuildFile; fileRef = BA642F892EE2804E0066AFEB /* NoLet Extension.appex */; settings = {ATTRIBUTES = (RemoveHeadersOnCopy, ); }; };
		BA642F942EE2804E0066AFEB /* NoLet Extension.appex in Embed Foundation Extensions */ = {isa = PBXBuildFile; fileRef = BA642F932EE2804E0066AFEB /* NoLet Extension.appex */; settings = {ATTRIBUTES = (RemoveHeadersOnCopy, ); }; };
		BA642F992EE2804E0066AFEB /* Main.html in Resources */ = {isa = PBXBuildFile; fileRef = BA642F5E2EE2804C0066AFEB /* Main.html */; };
		BA642F9A2EE2804E0066AFEB /* Main.html in Resources */ = {isa = PBXBuildFile; fileRef = BA642F5E2EE2804C0066AFEB /* Main.html */; };
		BA642F9B2EE2804E0066AFEB /* Icon.png in Resources */ = {isa = PBXBuildFile; fileRef = BA642F602EE2804C0066AFEB /* Icon.png */; };
		BA642F9C2EE2804E0066AFEB /* Icon.png in Resources */ = {isa = PBXBuildFile; fileRef = BA642F602EE2804C0066AFEB /* Icon.png */; };
		BA642F9D2EE2804E0066AFEB /* Style.css in Resources */ = {isa = PBXBuildFile; fileRef = BA642F612EE2804C0066AFEB /* Style.css */; };
		BA642F9E2EE2804E0066AFEB /* Style.css in Resources */ = {isa = PBXBuildFile; fileRef = BA642F612EE2804C0066AFEB /* Style.css */; };
		BA642F9F2EE2804E0066AFEB /* Script.js in Resources */ = {isa = PBXBuildFile; fileRef = BA642F622EE2804C0066AFEB /* Script.js */; };
		BA642FA02EE2804E0066AFEB /* Script.js in Resources */ = {isa = PBXBuildFile; fileRef = BA642F622EE2804C0066AFEB /* Script.js */; };
		BA642FA12EE2804E0066AFEB /* ViewController.swift in Sources */ = {isa = PBXBuildFile; fileRef = BA642F632EE2804C0066AFEB /* ViewController.swift */; };
		BA642FA22EE2804E0066AFEB /* ViewController.swift in Sources */ = {isa = PBXBuildFile; fileRef = BA642F632EE2804C0066AFEB /* ViewController.swift */; };
		BA642FA32EE2804E0066AFEB /* Assets.xcassets in Resources */ = {isa = PBXBuildFile; fileRef = BA642F642EE2804E0066AFEB /* Assets.xcassets */; };
		BA642FA42EE2804E0066AFEB /* Assets.xcassets in Resources */ = {isa = PBXBuildFile; fileRef = BA642F642EE2804E0066AFEB /* Assets.xcassets */; };
		BA642FA52EE2804E0066AFEB /* SafariWebExtensionHandler.swift in Sources */ = {isa = PBXBuildFile; fileRef = BA642F662EE2804E0066AFEB /* SafariWebExtensionHandler.swift */; };
		BA642FA62EE2804E0066AFEB /* SafariWebExtensionHandler.swift in Sources */ = {isa = PBXBuildFile; fileRef = BA642F662EE2804E0066AFEB /* SafariWebExtensionHandler.swift */; };
		BA642FC22EE2804F0066AFEB /* background.js in Resources */ = {isa = PBXBuildFile; fileRef = BA642FB82EE2804F0066AFEB /* background.js */; };
		BA642FC32EE2804F0066AFEB /* wxt.svg in Resources */ = {isa = PBXBuildFile; fileRef = BA642FB92EE2804F0066AFEB /* wxt.svg */; };
		BA642FC42EE2804F0066AFEB /* popup.html in Resources */ = {isa = PBXBuildFile; fileRef = BA642FBA2EE2804F0066AFEB /* popup.html */; };
		BA642FC52EE2804F0066AFEB /* chunks in Resources */ = {isa = PBXBuildFile; fileRef = BA642FBB2EE2804F0066AFEB /* chunks */; };
		BA642FC62EE2804F0066AFEB /* content-scripts in Resources */ = {isa = PBXBuildFile; fileRef = BA642FBC2EE2804F0066AFEB /* content-scripts */; };
		BA642FC72EE2804F0066AFEB /* manifest.json in Resources */ = {isa = PBXBuildFile; fileRef = BA642FBD2EE2804F0066AFEB /* manifest.json */; };
		BA642FC82EE2804F0066AFEB /* lottie in Resources */ = {isa = PBXBuildFile; fileRef = BA642FBE2EE2804F0066AFEB /* lottie */; };
		BA642FC92EE2804F0066AFEB /* _locales in Resources */ = {isa = PBXBuildFile; fileRef = BA642FBF2EE2804F0066AFEB /* _locales */; };
		BA642FCA2EE2804F0066AFEB /* icon in Resources */ = {isa = PBXBuildFile; fileRef = BA642FC02EE2804F0066AFEB /* icon */; };
		BA642FCB2EE2804F0066AFEB /* assets in Resources */ = {isa = PBXBuildFile; fileRef = BA642FC12EE2804F0066AFEB /* assets */; };
		BA642FCC2EE2804F0066AFEB /* background.js in Resources */ = {isa = PBXBuildFile; fileRef = BA642FB82EE2804F0066AFEB /* background.js */; };
		BA642FCD2EE2804F0066AFEB /* wxt.svg in Resources */ = {isa = PBXBuildFile; fileRef = BA642FB92EE2804F0066AFEB /* wxt.svg */; };
		BA642FCE2EE2804F0066AFEB /* popup.html in Resources */ = {isa = PBXBuildFile; fileRef = BA642FBA2EE2804F0066AFEB /* popup.html */; };
		BA642FCF2EE2804F0066AFEB /* chunks in Resources */ = {isa = PBXBuildFile; fileRef = BA642FBB2EE2804F0066AFEB /* chunks */; };
		BA642FD02EE2804F0066AFEB /* content-scripts in Resources */ = {isa = PBXBuildFile; fileRef = BA642FBC2EE2804F0066AFEB /* content-scripts */; };
		BA642FD12EE2804F0066AFEB /* manifest.json in Resources */ = {isa = PBXBuildFile; fileRef = BA642FBD2EE2804F0066AFEB /* manifest.json */; };
		BA642FD22EE2804F0066AFEB /* lottie in Resources */ = {isa = PBXBuildFile; fileRef = BA642FBE2EE2804F0066AFEB /* lottie */; };
		BA642FD32EE2804F0066AFEB /* _locales in Resources */ = {isa = PBXBuildFile; fileRef = BA642FBF2EE2804F0066AFEB /* _locales */; };
		BA642FD42EE2804F0066AFEB /* icon in Resources */ = {isa = PBXBuildFile; fileRef = BA642FC02EE2804F0066AFEB /* icon */; };
		BA642FD52EE2804F0066AFEB /* assets in Resources */ = {isa = PBXBuildFile; fileRef = BA642FC12EE2804F0066AFEB /* assets */; };
/* End PBXBuildFile section */

/* Begin PBXContainerItemProxy section */
		BA642F8B2EE2804E0066AFEB /* PBXContainerItemProxy */ = {
			isa = PBXContainerItemProxy;
			containerPortal = BA642F582EE2804B0066AFEB /* Project object */;
			proxyType = 1;
			remoteGlobalIDString = BA642F882EE2804E0066AFEB;
			remoteInfo = "NoLet Extension (iOS)";
		};
		BA642F952EE2804E0066AFEB /* PBXContainerItemProxy */ = {
			isa = PBXContainerItemProxy;
			containerPortal = BA642F582EE2804B0066AFEB /* Project object */;
			proxyType = 1;
			remoteGlobalIDString = BA642F922EE2804E0066AFEB;
			remoteInfo = "NoLet Extension (macOS)";
		};
/* End PBXContainerItemProxy section */

/* Begin PBXCopyFilesBuildPhase section */
		BA642FAC2EE2804E0066AFEB /* Embed Foundation Extensions */ = {
			isa = PBXCopyFilesBuildPhase;
			buildActionMask = 2147483647;
			dstPath = "";
			dstSubfolderSpec = 13;
			files = (
				BA642F8A2EE2804E0066AFEB /* NoLet Extension.appex in Embed Foundation Extensions */,
			);
			name = "Embed Foundation Extensions";
			runOnlyForDeploymentPostprocessing = 0;
		};
		BA642FB32EE2804E0066AFEB /* Embed Foundation Extensions */ = {
			isa = PBXCopyFilesBuildPhase;
			buildActionMask = 2147483647;
			dstPath = "";
			dstSubfolderSpec = 13;
			files = (
				BA642F942EE2804E0066AFEB /* NoLet Extension.appex in Embed Foundation Extensions */,
			);
			name = "Embed Foundation Extensions";
			runOnlyForDeploymentPostprocessing = 0;
		};
/* End PBXCopyFilesBuildPhase section */

/* Begin PBXFileReference section */
		BA642F5F2EE2804C0066AFEB /* Base */ = {isa = PBXFileReference; lastKnownFileType = text.html; name = Base; path = Base.lproj/Main.html; sourceTree = "<group>"; };
		BA642F602EE2804C0066AFEB /* Icon.png */ = {isa = PBXFileReference; lastKnownFileType = image.png; path = Icon.png; sourceTree = "<group>"; };
		BA642F612EE2804C0066AFEB /* Style.css */ = {isa = PBXFileReference; lastKnownFileType = text.css; path = Style.css; sourceTree = "<group>"; };
		BA642F622EE2804C0066AFEB /* Script.js */ = {isa = PBXFileReference; lastKnownFileType = sourcecode.javascript; path = Script.js; sourceTree = "<group>"; };
		BA642F632EE2804C0066AFEB /* ViewController.swift */ = {isa = PBXFileReference; lastKnownFileType = sourcecode.swift; path = ViewController.swift; sourceTree = "<group>"; };
		BA642F642EE2804E0066AFEB /* Assets.xcassets */ = {isa = PBXFileReference; lastKnownFileType = folder.assetcatalog; path = Assets.xcassets; sourceTree = "<group>"; };
		BA642F662EE2804E0066AFEB /* SafariWebExtensionHandler.swift */ = {isa = PBXFileReference; lastKnownFileType = sourcecode.swift; path = SafariWebExtensionHandler.swift; sourceTree = "<group>"; };
		BA642F6B2EE2804E0066AFEB /* NoLet.app */ = {isa = PBXFileReference; explicitFileType = wrapper.application; includeInIndex = 0; path = NoLet.app; sourceTree = BUILT_PRODUCTS_DIR; };
		BA642F6E2EE2804E0066AFEB /* AppDelegate.swift */ = {isa = PBXFileReference; lastKnownFileType = sourcecode.swift; path = AppDelegate.swift; sourceTree = "<group>"; };
		BA642F702EE2804E0066AFEB /* SceneDelegate.swift */ = {isa = PBXFileReference; lastKnownFileType = sourcecode.swift; path = SceneDelegate.swift; sourceTree = "<group>"; };
		BA642F732EE2804E0066AFEB /* Base */ = {isa = PBXFileReference; lastKnownFileType = file.storyboard; name = Base; path = Base.lproj/LaunchScreen.storyboard; sourceTree = "<group>"; };
		BA642F762EE2804E0066AFEB /* Base */ = {isa = PBXFileReference; lastKnownFileType = file.storyboard; name = Base; path = Base.lproj/Main.storyboard; sourceTree = "<group>"; };
		BA642F782EE2804E0066AFEB /* Info.plist */ = {isa = PBXFileReference; lastKnownFileType = text.plist.xml; path = Info.plist; sourceTree = "<group>"; };
		BA642F7D2EE2804E0066AFEB /* NoLet.app */ = {isa = PBXFileReference; explicitFileType = wrapper.application; includeInIndex = 0; path = NoLet.app; sourceTree = BUILT_PRODUCTS_DIR; };
		BA642F7F2EE2804E0066AFEB /* AppDelegate.swift */ = {isa = PBXFileReference; lastKnownFileType = sourcecode.swift; path = AppDelegate.swift; sourceTree = "<group>"; };
		BA642F822EE2804E0066AFEB /* Base */ = {isa = PBXFileReference; lastKnownFileType = file.storyboard; name = Base; path = Base.lproj/Main.storyboard; sourceTree = "<group>"; };
		BA642F842EE2804E0066AFEB /* Info.plist */ = {isa = PBXFileReference; lastKnownFileType = text.plist.xml; path = Info.plist; sourceTree = "<group>"; };
		BA642F892EE2804E0066AFEB /* NoLet Extension.appex */ = {isa = PBXFileReference; explicitFileType = "wrapper.app-extension"; includeInIndex = 0; path = "NoLet Extension.appex"; sourceTree = BUILT_PRODUCTS_DIR; };
		BA642F8E2EE2804E0066AFEB /* Info.plist */ = {isa = PBXFileReference; lastKnownFileType = text.plist.xml; path = Info.plist; sourceTree = "<group>"; };
		BA642F932EE2804E0066AFEB /* NoLet Extension.appex */ = {isa = PBXFileReference; explicitFileType = "wrapper.app-extension"; includeInIndex = 0; path = "NoLet Extension.appex"; sourceTree = BUILT_PRODUCTS_DIR; };
		BA642F982EE2804E0066AFEB /* Info.plist */ = {isa = PBXFileReference; lastKnownFileType = text.plist.xml; path = Info.plist; sourceTree = "<group>"; };
		BA642FB82EE2804F0066AFEB /* background.js */ = {isa = PBXFileReference; lastKnownFileType = sourcecode.javascript; name = background.js; path = "../../.output/safari-mv3/background.js"; sourceTree = "<group>"; };
		BA642FB92EE2804F0066AFEB /* wxt.svg */ = {isa = PBXFileReference; lastKnownFileType = text; name = wxt.svg; path = "../../.output/safari-mv3/wxt.svg"; sourceTree = "<group>"; };
		BA642FBA2EE2804F0066AFEB /* popup.html */ = {isa = PBXFileReference; lastKnownFileType = text.html; name = popup.html; path = "../../.output/safari-mv3/popup.html"; sourceTree = "<group>"; };
		BA642FBB2EE2804F0066AFEB /* chunks */ = {isa = PBXFileReference; lastKnownFileType = folder; name = chunks; path = "../../.output/safari-mv3/chunks"; sourceTree = "<group>"; };
		BA642FBC2EE2804F0066AFEB /* content-scripts */ = {isa = PBXFileReference; lastKnownFileType = folder; name = "content-scripts"; path = "../../.output/safari-mv3/content-scripts"; sourceTree = "<group>"; };
		BA642FBD2EE2804F0066AFEB /* manifest.json */ = {isa = PBXFileReference; lastKnownFileType = text.json; name = manifest.json; path = "../../.output/safari-mv3/manifest.json"; sourceTree = "<group>"; };
		BA642FBE2EE2804F0066AFEB /* lottie */ = {isa = PBXFileReference; lastKnownFileType = folder; name = lottie; path = "../../.output/safari-mv3/lottie"; sourceTree = "<group>"; };
		BA642FBF2EE2804F0066AFEB /* _locales */ = {isa = PBXFileReference; lastKnownFileType = folder; name = _locales; path = "../../.output/safari-mv3/_locales"; sourceTree = "<group>"; };
		BA642FC02EE2804F0066AFEB /* icon */ = {isa = PBXFileReference; lastKnownFileType = folder; name = icon; path = "../../.output/safari-mv3/icon"; sourceTree = "<group>"; };
		BA642FC12EE2804F0066AFEB /* assets */ = {isa = PBXFileReference; lastKnownFileType = folder; name = assets; path = "../../.output/safari-mv3/assets"; sourceTree = "<group>"; };
/* End PBXFileReference section */

/* Begin PBXFrameworksBuildPhase section */
		BA642F682EE2804E0066AFEB /* Frameworks */ = {
			isa = PBXFrameworksBuildPhase;
			buildActionMask = 2147483647;
			files = (
			);
			runOnlyForDeploymentPostprocessing = 0;
		};
		BA642F7A2EE2804E0066AFEB /* Frameworks */ = {
			isa = PBXFrameworksBuildPhase;
			buildActionMask = 2147483647;
			files = (
			);
			runOnlyForDeploymentPostprocessing = 0;
		};
		BA642F862EE2804E0066AFEB /* Frameworks */ = {
			isa = PBXFrameworksBuildPhase;
			buildActionMask = 2147483647;
			files = (
			);
			runOnlyForDeploymentPostprocessing = 0;
		};
		BA642F902EE2804E0066AFEB /* Frameworks */ = {
			isa = PBXFrameworksBuildPhase;
			buildActionMask = 2147483647;
			files = (
			);
			runOnlyForDeploymentPostprocessing = 0;
		};
/* End PBXFrameworksBuildPhase section */

/* Begin PBXGroup section */
		BA642F572EE2804B0066AFEB = {
			isa = PBXGroup;
			children = (
				BA642F5C2EE2804C0066AFEB /* Shared (App) */,
				BA642F652EE2804E0066AFEB /* Shared (Extension) */,
				BA642F6D2EE2804E0066AFEB /* iOS (App) */,
				BA642F7E2EE2804E0066AFEB /* macOS (App) */,
				BA642F8D2EE2804E0066AFEB /* iOS (Extension) */,
				BA642F972EE2804E0066AFEB /* macOS (Extension) */,
				BA642F6C2EE2804E0066AFEB /* Products */,
			);
			sourceTree = "<group>";
		};
		BA642F5C2EE2804C0066AFEB /* Shared (App) */ = {
			isa = PBXGroup;
			children = (
				BA642F632EE2804C0066AFEB /* ViewController.swift */,
				BA642F642EE2804E0066AFEB /* Assets.xcassets */,
				BA642F5D2EE2804C0066AFEB /* Resources */,
			);
			path = "Shared (App)";
			sourceTree = "<group>";
		};
		BA642F5D2EE2804C0066AFEB /* Resources */ = {
			isa = PBXGroup;
			children = (
				BA642F5E2EE2804C0066AFEB /* Main.html */,
				BA642F602EE2804C0066AFEB /* Icon.png */,
				BA642F612EE2804C0066AFEB /* Style.css */,
				BA642F622EE2804C0066AFEB /* Script.js */,
			);
			path = Resources;
			sourceTree = "<group>";
		};
		BA642F652EE2804E0066AFEB /* Shared (Extension) */ = {
			isa = PBXGroup;
			children = (
				BA642FB72EE2804F0066AFEB /* Resources */,
				BA642F662EE2804E0066AFEB /* SafariWebExtensionHandler.swift */,
			);
			path = "Shared (Extension)";
			sourceTree = "<group>";
		};
		BA642F6C2EE2804E0066AFEB /* Products */ = {
			isa = PBXGroup;
			children = (
				BA642F6B2EE2804E0066AFEB /* NoLet.app */,
				BA642F7D2EE2804E0066AFEB /* NoLet.app */,
				BA642F892EE2804E0066AFEB /* NoLet Extension.appex */,
				BA642F932EE2804E0066AFEB /* NoLet Extension.appex */,
			);
			name = Products;
			sourceTree = "<group>";
		};
		BA642F6D2EE2804E0066AFEB /* iOS (App) */ = {
			isa = PBXGroup;
			children = (
				BA642F6E2EE2804E0066AFEB /* AppDelegate.swift */,
				BA642F702EE2804E0066AFEB /* SceneDelegate.swift */,
				BA642F722EE2804E0066AFEB /* LaunchScreen.storyboard */,
				BA642F752EE2804E0066AFEB /* Main.storyboard */,
				BA642F782EE2804E0066AFEB /* Info.plist */,
			);
			path = "iOS (App)";
			sourceTree = "<group>";
		};
		BA642F7E2EE2804E0066AFEB /* macOS (App) */ = {
			isa = PBXGroup;
			children = (
				BA642F7F2EE2804E0066AFEB /* AppDelegate.swift */,
				BA642F812EE2804E0066AFEB /* Main.storyboard */,
				BA642F842EE2804E0066AFEB /* Info.plist */,
			);
			path = "macOS (App)";
			sourceTree = "<group>";
		};
		BA642F8D2EE2804E0066AFEB /* iOS (Extension) */ = {
			isa = PBXGroup;
			children = (
				BA642F8E2EE2804E0066AFEB /* Info.plist */,
			);
			path = "iOS (Extension)";
			sourceTree = "<group>";
		};
		BA642F972EE2804E0066AFEB /* macOS (Extension) */ = {
			isa = PBXGroup;
			children = (
				BA642F982EE2804E0066AFEB /* Info.plist */,
			);
			path = "macOS (Extension)";
			sourceTree = "<group>";
		};
		BA642FB72EE2804F0066AFEB /* Resources */ = {
			isa = PBXGroup;
			children = (
				BA642FB82EE2804F0066AFEB /* background.js */,
				BA642FB92EE2804F0066AFEB /* wxt.svg */,
				BA642FBA2EE2804F0066AFEB /* popup.html */,
				BA642FBB2EE2804F0066AFEB /* chunks */,
				BA642FBC2EE2804F0066AFEB /* content-scripts */,
				BA642FBD2EE2804F0066AFEB /* manifest.json */,
				BA642FBE2EE2804F0066AFEB /* lottie */,
				BA642FBF2EE2804F0066AFEB /* _locales */,
				BA642FC02EE2804F0066AFEB /* icon */,
				BA642FC12EE2804F0066AFEB /* assets */,
			);
			name = Resources;
			path = "Shared (Extension)";
			sourceTree = SOURCE_ROOT;
		};
/* End PBXGroup section */

/* Begin PBXNativeTarget section */
		BA642F6A2EE2804E0066AFEB /* NoLet (iOS) */ = {
			isa = PBXNativeTarget;
			buildConfigurationList = BA642FAD2EE2804E0066AFEB /* Build configuration list for PBXNativeTarget "NoLet (iOS)" */;
			buildPhases = (
				BA642F672EE2804E0066AFEB /* Sources */,
				BA642F682EE2804E0066AFEB /* Frameworks */,
				BA642F692EE2804E0066AFEB /* Resources */,
				BA642FAC2EE2804E0066AFEB /* Embed Foundation Extensions */,
			);
			buildRules = (
			);
			dependencies = (
				BA642F8C2EE2804E0066AFEB /* PBXTargetDependency */,
			);
			name = "NoLet (iOS)";
			packageProductDependencies = (
			);
			productName = "NoLet (iOS)";
			productReference = BA642F6B2EE2804E0066AFEB /* NoLet.app */;
			productType = "com.apple.product-type.application";
		};
		BA642F7C2EE2804E0066AFEB /* NoLet (macOS) */ = {
			isa = PBXNativeTarget;
			buildConfigurationList = BA642FB42EE2804E0066AFEB /* Build configuration list for PBXNativeTarget "NoLet (macOS)" */;
			buildPhases = (
				BA642F792EE2804E0066AFEB /* Sources */,
				BA642F7A2EE2804E0066AFEB /* Frameworks */,
				BA642F7B2EE2804E0066AFEB /* Resources */,
				BA642FB32EE2804E0066AFEB /* Embed Foundation Extensions */,
			);
			buildRules = (
			);
			dependencies = (
				BA642F962EE2804E0066AFEB /* PBXTargetDependency */,
			);
			name = "NoLet (macOS)";
			packageProductDependencies = (
			);
			productName = "NoLet (macOS)";
			productReference = BA642F7D2EE2804E0066AFEB /* NoLet.app */;
			productType = "com.apple.product-type.application";
		};
		BA642F882EE2804E0066AFEB /* NoLet Extension (iOS) */ = {
			isa = PBXNativeTarget;
			buildConfigurationList = BA642FA92EE2804E0066AFEB /* Build configuration list for PBXNativeTarget "NoLet Extension (iOS)" */;
			buildPhases = (
				BA642F852EE2804E0066AFEB /* Sources */,
				BA642F862EE2804E0066AFEB /* Frameworks */,
				BA642F872EE2804E0066AFEB /* Resources */,
			);
			buildRules = (
			);
			dependencies = (
			);
			name = "NoLet Extension (iOS)";
			packageProductDependencies = (
			);
			productName = "NoLet Extension (iOS)";
			productReference = BA642F892EE2804E0066AFEB /* NoLet Extension.appex */;
			productType = "com.apple.product-type.app-extension";
		};
		BA642F922EE2804E0066AFEB /* NoLet Extension (macOS) */ = {
			isa = PBXNativeTarget;
			buildConfigurationList = BA642FB02EE2804E0066AFEB /* Build configuration list for PBXNativeTarget "NoLet Extension (macOS)" */;
			buildPhases = (
				BA642F8F2EE2804E0066AFEB /* Sources */,
				BA642F902EE2804E0066AFEB /* Frameworks */,
				BA642F912EE2804E0066AFEB /* Resources */,
			);
			buildRules = (
			);
			dependencies = (
			);
			name = "NoLet Extension (macOS)";
			packageProductDependencies = (
			);
			productName = "NoLet Extension (macOS)";
			productReference = BA642F932EE2804E0066AFEB /* NoLet Extension.appex */;
			productType = "com.apple.product-type.app-extension";
		};
/* End PBXNativeTarget section */

/* Begin PBXProject section */
		BA642F582EE2804B0066AFEB /* Project object */ = {
			isa = PBXProject;
			attributes = {
				BuildIndependentTargetsInParallel = 1;
				LastSwiftUpdateCheck = 2610;
				LastUpgradeCheck = 2610;
				TargetAttributes = {
					BA642F6A2EE2804E0066AFEB = {
						CreatedOnToolsVersion = 26.1;
					};
					BA642F7C2EE2804E0066AFEB = {
						CreatedOnToolsVersion = 26.1;
					};
					BA642F882EE2804E0066AFEB = {
						CreatedOnToolsVersion = 26.1;
					};
					BA642F922EE2804E0066AFEB = {
						CreatedOnToolsVersion = 26.1;
					};
				};
			};
			buildConfigurationList = BA642F5B2EE2804B0066AFEB /* Build configuration list for PBXProject "NoLet" */;
			developmentRegion = en;
			hasScannedForEncodings = 0;
			knownRegions = (
				en,
				Base,
			);
			mainGroup = BA642F572EE2804B0066AFEB;
			minimizedProjectReferenceProxies = 1;
			preferredProjectObjectVersion = 77;
			productRefGroup = BA642F6C2EE2804E0066AFEB /* Products */;
			projectDirPath = "";
			projectRoot = "";
			targets = (
				BA642F6A2EE2804E0066AFEB /* NoLet (iOS) */,
				BA642F7C2EE2804E0066AFEB /* NoLet (macOS) */,
				BA642F882EE2804E0066AFEB /* NoLet Extension (iOS) */,
				BA642F922EE2804E0066AFEB /* NoLet Extension (macOS) */,
			);
		};
/* End PBXProject section */

/* Begin PBXResourcesBuildPhase section */
		BA642F692EE2804E0066AFEB /* Resources */ = {
			isa = PBXResourcesBuildPhase;
			buildActionMask = 2147483647;
			files = (
				BA642F9B2EE2804E0066AFEB /* Icon.png in Resources */,
				BA642F742EE2804E0066AFEB /* LaunchScreen.storyboard in Resources */,
				BA642F992EE2804E0066AFEB /* Main.html in Resources */,
				BA642F9F2EE2804E0066AFEB /* Script.js in Resources */,
				BA642FA32EE2804E0066AFEB /* Assets.xcassets in Resources */,
				BA642F772EE2804E0066AFEB /* Main.storyboard in Resources */,
				BA642F9D2EE2804E0066AFEB /* Style.css in Resources */,
			);
			runOnlyForDeploymentPostprocessing = 0;
		};
		BA642F7B2EE2804E0066AFEB /* Resources */ = {
			isa = PBXResourcesBuildPhase;
			buildActionMask = 2147483647;
			files = (
				BA642F9C2EE2804E0066AFEB /* Icon.png in Resources */,
				BA642F9E2EE2804E0066AFEB /* Style.css in Resources */,
				BA642F832EE2804E0066AFEB /* Main.storyboard in Resources */,
				BA642FA02EE2804E0066AFEB /* Script.js in Resources */,
				BA642FA42EE2804E0066AFEB /* Assets.xcassets in Resources */,
				BA642F9A2EE2804E0066AFEB /* Main.html in Resources */,
			);
			runOnlyForDeploymentPostprocessing = 0;
		};
		BA642F872EE2804E0066AFEB /* Resources */ = {
			isa = PBXResourcesBuildPhase;
			buildActionMask = 2147483647;
			files = (
				BA642FCD2EE2804F0066AFEB /* wxt.svg in Resources */,
				BA642FCE2EE2804F0066AFEB /* popup.html in Resources */,
				BA642FD32EE2804F0066AFEB /* _locales in Resources */,
				BA642FCF2EE2804F0066AFEB /* chunks in Resources */,
				BA642FCC2EE2804F0066AFEB /* background.js in Resources */,
				BA642FD52EE2804F0066AFEB /* assets in Resources */,
				BA642FD22EE2804F0066AFEB /* lottie in Resources */,
				BA642FD12EE2804F0066AFEB /* manifest.json in Resources */,
				BA642FD42EE2804F0066AFEB /* icon in Resources */,
				BA642FD02EE2804F0066AFEB /* content-scripts in Resources */,
			);
			runOnlyForDeploymentPostprocessing = 0;
		};
		BA642F912EE2804E0066AFEB /* Resources */ = {
			isa = PBXResourcesBuildPhase;
			buildActionMask = 2147483647;
			files = (
				BA642FC32EE2804F0066AFEB /* wxt.svg in Resources */,
				BA642FC42EE2804F0066AFEB /* popup.html in Resources */,
				BA642FC92EE2804F0066AFEB /* _locales in Resources */,
				BA642FC52EE2804F0066AFEB /* chunks in Resources */,
				BA642FC22EE2804F0066AFEB /* background.js in Resources */,
				BA642FCB2EE2804F0066AFEB /* assets in Resources */,
				BA642FC82EE2804F0066AFEB /* lottie in Resources */,
				BA642FC72EE2804F0066AFEB /* manifest.json in Resources */,
				BA642FCA2EE2804F0066AFEB /* icon in Resources */,
				BA642FC62EE2804F0066AFEB /* content-scripts in Resources */,
			);
			runOnlyForDeploymentPostprocessing = 0;
		};
/* End PBXResourcesBuildPhase section */

/* Begin PBXSourcesBuildPhase section */
		BA642F672EE2804E0066AFEB /* Sources */ = {
			isa = PBXSourcesBuildPhase;
			buildActionMask = 2147483647;
			files = (
				BA642FA12EE2804E0066AFEB /* ViewController.swift in Sources */,
				BA642F6F2EE2804E0066AFEB /* AppDelegate.swift in Sources */,
				BA642F712EE2804E0066AFEB /* SceneDelegate.swift in Sources */,
			);
			runOnlyForDeploymentPostprocessing = 0;
		};
		BA642F792EE2804E0066AFEB /* Sources */ = {
			isa = PBXSourcesBuildPhase;
			buildActionMask = 2147483647;
			files = (
				BA642FA22EE2804E0066AFEB /* ViewController.swift in Sources */,
				BA642F802EE2804E0066AFEB /* AppDelegate.swift in Sources */,
			);
			runOnlyForDeploymentPostprocessing = 0;
		};
		BA642F852EE2804E0066AFEB /* Sources */ = {
			isa = PBXSourcesBuildPhase;
			buildActionMask = 2147483647;
			files = (
				BA642FA52EE2804E0066AFEB /* SafariWebExtensionHandler.swift in Sources */,
			);
			runOnlyForDeploymentPostprocessing = 0;
		};
		BA642F8F2EE2804E0066AFEB /* Sources */ = {
			isa = PBXSourcesBuildPhase;
			buildActionMask = 2147483647;
			files = (
				BA642FA62EE2804E0066AFEB /* SafariWebExtensionHandler.swift in Sources */,
			);
			runOnlyForDeploymentPostprocessing = 0;
		};
/* End PBXSourcesBuildPhase section */

/* Begin PBXTargetDependency section */
		BA642F8C2EE2804E0066AFEB /* PBXTargetDependency */ = {
			isa = PBXTargetDependency;
			target = BA642F882EE2804E0066AFEB /* NoLet Extension (iOS) */;
			targetProxy = BA642F8B2EE2804E0066AFEB /* PBXContainerItemProxy */;
		};
		BA642F962EE2804E0066AFEB /* PBXTargetDependency */ = {
			isa = PBXTargetDependency;
			target = BA642F922EE2804E0066AFEB /* NoLet Extension (macOS) */;
			targetProxy = BA642F952EE2804E0066AFEB /* PBXContainerItemProxy */;
		};
/* End PBXTargetDependency section */

/* Begin PBXVariantGroup section */
		BA642F5E2EE2804C0066AFEB /* Main.html */ = {
			isa = PBXVariantGroup;
			children = (
				BA642F5F2EE2804C0066AFEB /* Base */,
			);
			name = Main.html;
			sourceTree = "<group>";
		};
		BA642F722EE2804E0066AFEB /* LaunchScreen.storyboard */ = {
			isa = PBXVariantGroup;
			children = (
				BA642F732EE2804E0066AFEB /* Base */,
			);
			name = LaunchScreen.storyboard;
			sourceTree = "<group>";
		};
		BA642F752EE2804E0066AFEB /* Main.storyboard */ = {
			isa = PBXVariantGroup;
			children = (
				BA642F762EE2804E0066AFEB /* Base */,
			);
			name = Main.storyboard;
			sourceTree = "<group>";
		};
		BA642F812EE2804E0066AFEB /* Main.storyboard */ = {
			isa = PBXVariantGroup;
			children = (
				BA642F822EE2804E0066AFEB /* Base */,
			);
			name = Main.storyboard;
			sourceTree = "<group>";
		};
/* End PBXVariantGroup section */

/* Begin XCBuildConfiguration section */
		BA642FA72EE2804E0066AFEB /* Debug */ = {
			isa = XCBuildConfiguration;
			buildSettings = {
				ALWAYS_SEARCH_USER_PATHS = NO;
				ASSETCATALOG_COMPILER_GENERATE_SWIFT_ASSET_SYMBOL_EXTENSIONS = YES;
				CLANG_ANALYZER_NONNULL = YES;
				CLANG_ANALYZER_NUMBER_OBJECT_CONVERSION = YES_AGGRESSIVE;
				CLANG_CXX_LANGUAGE_STANDARD = "gnu++20";
				CLANG_ENABLE_MODULES = YES;
				CLANG_ENABLE_OBJC_ARC = YES;
				CLANG_ENABLE_OBJC_WEAK = YES;
				CLANG_WARN_BLOCK_CAPTURE_AUTORELEASING = YES;
				CLANG_WARN_BOOL_CONVERSION = YES;
				CLANG_WARN_COMMA = YES;
				CLANG_WARN_CONSTANT_CONVERSION = YES;
				CLANG_WARN_DEPRECATED_OBJC_IMPLEMENTATIONS = YES;
				CLANG_WARN_DIRECT_OBJC_ISA_USAGE = YES_ERROR;
				CLANG_WARN_DOCUMENTATION_COMMENTS = YES;
				CLANG_WARN_EMPTY_BODY = YES;
				CLANG_WARN_ENUM_CONVERSION = YES;
				CLANG_WARN_INFINITE_RECURSION = YES;
				CLANG_WARN_INT_CONVERSION = YES;
				CLANG_WARN_NON_LITERAL_NULL_CONVERSION = YES;
				CLANG_WARN_OBJC_IMPLICIT_RETAIN_SELF = YES;
				CLANG_WARN_OBJC_LITERAL_CONVERSION = YES;
				CLANG_WARN_OBJC_ROOT_CLASS = YES_ERROR;
				CLANG_WARN_QUOTED_INCLUDE_IN_FRAMEWORK_HEADER = YES;
				CLANG_WARN_RANGE_LOOP_ANALYSIS = YES;
				CLANG_WARN_STRICT_PROTOTYPES = YES;
				CLANG_WARN_SUSPICIOUS_MOVE = YES;
				CLANG_WARN_UNGUARDED_AVAILABILITY = YES_AGGRESSIVE;
				CLANG_WARN_UNREACHABLE_CODE = YES;
				CLANG_WARN__DUPLICATE_METHOD_MATCH = YES;
				COPY_PHASE_STRIP = NO;
				DEBUG_INFORMATION_FORMAT = dwarf;
				ENABLE_STRICT_OBJC_MSGSEND = YES;
				ENABLE_TESTABILITY = YES;
				ENABLE_USER_SCRIPT_SANDBOXING = YES;
				GCC_C_LANGUAGE_STANDARD = gnu17;
				GCC_DYNAMIC_NO_PIC = NO;
				GCC_NO_COMMON_BLOCKS = YES;
				GCC_OPTIMIZATION_LEVEL = 0;
				GCC_PREPROCESSOR_DEFINITIONS = (
					"DEBUG=1",
					"$(inherited)",
				);
				GCC_WARN_64_TO_32_BIT_CONVERSION = YES;
				GCC_WARN_ABOUT_RETURN_TYPE = YES_ERROR;
				GCC_WARN_UNDECLARED_SELECTOR = YES;
				GCC_WARN_UNINITIALIZED_AUTOS = YES_AGGRESSIVE;
				GCC_WARN_UNUSED_FUNCTION = YES;
				GCC_WARN_UNUSED_VARIABLE = YES;
				LOCALIZATION_PREFERS_STRING_CATALOGS = YES;
				MTL_ENABLE_DEBUG_INFO = INCLUDE_SOURCE;
				MTL_FAST_MATH = YES;
				ONLY_ACTIVE_ARCH = YES;
				SWIFT_ACTIVE_COMPILATION_CONDITIONS = "DEBUG $(inherited)";
				SWIFT_OPTIMIZATION_LEVEL = "-Onone";
			};
			name = Debug;
		};
		BA642FA82EE2804E0066AFEB /* Release */ = {
			isa = XCBuildConfiguration;
			buildSettings = {
				ALWAYS_SEARCH_USER_PATHS = NO;
				ASSETCATALOG_COMPILER_GENERATE_SWIFT_ASSET_SYMBOL_EXTENSIONS = YES;
				CLANG_ANALYZER_NONNULL = YES;
				CLANG_ANALYZER_NUMBER_OBJECT_CONVERSION = YES_AGGRESSIVE;
				CLANG_CXX_LANGUAGE_STANDARD = "gnu++20";
				CLANG_ENABLE_MODULES = YES;
				CLANG_ENABLE_OBJC_ARC = YES;
				CLANG_ENABLE_OBJC_WEAK = YES;
				CLANG_WARN_BLOCK_CAPTURE_AUTORELEASING = YES;
				CLANG_WARN_BOOL_CONVERSION = YES;
				CLANG_WARN_COMMA = YES;
				CLANG_WARN_CONSTANT_CONVERSION = YES;
				CLANG_WARN_DEPRECATED_OBJC_IMPLEMENTATIONS = YES;
				CLANG_WARN_DIRECT_OBJC_ISA_USAGE = YES_ERROR;
				CLANG_WARN_DOCUMENTATION_COMMENTS = YES;
				CLANG_WARN_EMPTY_BODY = YES;
				CLANG_WARN_ENUM_CONVERSION = YES;
				CLANG_WARN_INFINITE_RECURSION = YES;
				CLANG_WARN_INT_CONVERSION = YES;
				CLANG_WARN_NON_LITERAL_NULL_CONVERSION = YES;
				CLANG_WARN_OBJC_IMPLICIT_RETAIN_SELF = YES;
				CLANG_WARN_OBJC_LITERAL_CONVERSION = YES;
				CLANG_WARN_OBJC_ROOT_CLASS = YES_ERROR;
				CLANG_WARN_QUOTED_INCLUDE_IN_FRAMEWORK_HEADER = YES;
				CLANG_WARN_RANGE_LOOP_ANALYSIS = YES;
				CLANG_WARN_STRICT_PROTOTYPES = YES;
				CLANG_WARN_SUSPICIOUS_MOVE = YES;
				CLANG_WARN_UNGUARDED_AVAILABILITY = YES_AGGRESSIVE;
				CLANG_WARN_UNREACHABLE_CODE = YES;
				CLANG_WARN__DUPLICATE_METHOD_MATCH = YES;
				COPY_PHASE_STRIP = NO;
				DEBUG_INFORMATION_FORMAT = "dwarf-with-dsym";
				ENABLE_NS_ASSERTIONS = NO;
				ENABLE_STRICT_OBJC_MSGSEND = YES;
				ENABLE_USER_SCRIPT_SANDBOXING = YES;
				GCC_C_LANGUAGE_STANDARD = gnu17;
				GCC_NO_COMMON_BLOCKS = YES;
				GCC_WARN_64_TO_32_BIT_CONVERSION = YES;
				GCC_WARN_ABOUT_RETURN_TYPE = YES_ERROR;
				GCC_WARN_UNDECLARED_SELECTOR = YES;
				GCC_WARN_UNINITIALIZED_AUTOS = YES_AGGRESSIVE;
				GCC_WARN_UNUSED_FUNCTION = YES;
				GCC_WARN_UNUSED_VARIABLE = YES;
				LOCALIZATION_PREFERS_STRING_CATALOGS = YES;
				MTL_ENABLE_DEBUG_INFO = NO;
				MTL_FAST_MATH = YES;
				SWIFT_COMPILATION_MODE = wholemodule;
			};
			name = Release;
		};
		BA642FAA2EE2804E0066AFEB /* Debug */ = {
			isa = XCBuildConfiguration;
			buildSettings = {
				CODE_SIGN_STYLE = Automatic;
				CURRENT_PROJECT_VERSION = 1;
				GENERATE_INFOPLIST_FILE = YES;
				INFOPLIST_FILE = "iOS (Extension)/Info.plist";
				INFOPLIST_KEY_CFBundleDisplayName = "NoLet Extension";
				INFOPLIST_KEY_NSHumanReadableCopyright = "";
				IPHONEOS_DEPLOYMENT_TARGET = 15.0;
				LD_RUNPATH_SEARCH_PATHS = (
					"$(inherited)",
					"@executable_path/Frameworks",
					"@executable_path/../../Frameworks",
				);
				MARKETING_VERSION = 1.0;
				OTHER_LDFLAGS = (
					"-framework",
					SafariServices,
				);
				PRODUCT_BUNDLE_IDENTIFIER = com.yourCompany.NoLet.Extension;
				PRODUCT_NAME = "NoLet Extension";
				SDKROOT = iphoneos;
				SKIP_INSTALL = YES;
				STRING_CATALOG_GENERATE_SYMBOLS = YES;
				SWIFT_APPROACHABLE_CONCURRENCY = YES;
				SWIFT_EMIT_LOC_STRINGS = YES;
				SWIFT_UPCOMING_FEATURE_MEMBER_IMPORT_VISIBILITY = YES;
				SWIFT_VERSION = 5.0;
				TARGETED_DEVICE_FAMILY = "1,2";
			};
			name = Debug;
		};
		BA642FAB2EE2804E0066AFEB /* Release */ = {
			isa = XCBuildConfiguration;
			buildSettings = {
				CODE_SIGN_STYLE = Automatic;
				CURRENT_PROJECT_VERSION = 1;
				GENERATE_INFOPLIST_FILE = YES;
				INFOPLIST_FILE = "iOS (Extension)/Info.plist";
				INFOPLIST_KEY_CFBundleDisplayName = "NoLet Extension";
				INFOPLIST_KEY_NSHumanReadableCopyright = "";
				IPHONEOS_DEPLOYMENT_TARGET = 15.0;
				LD_RUNPATH_SEARCH_PATHS = (
					"$(inherited)",
					"@executable_path/Frameworks",
					"@executable_path/../../Frameworks",
				);
				MARKETING_VERSION = 1.0;
				OTHER_LDFLAGS = (
					"-framework",
					SafariServices,
				);
				PRODUCT_BUNDLE_IDENTIFIER = com.yourCompany.NoLet.Extension;
				PRODUCT_NAME = "NoLet Extension";
				SDKROOT = iphoneos;
				SKIP_INSTALL = YES;
				STRING_CATALOG_GENERATE_SYMBOLS = YES;
				SWIFT_APPROACHABLE_CONCURRENCY = YES;
				SWIFT_EMIT_LOC_STRINGS = YES;
				SWIFT_UPCOMING_FEATURE_MEMBER_IMPORT_VISIBILITY = YES;
				SWIFT_VERSION = 5.0;
				TARGETED_DEVICE_FAMILY = "1,2";
				VALIDATE_PRODUCT = YES;
			};
			name = Release;
		};
		BA642FAE2EE2804E0066AFEB /* Debug */ = {
			isa = XCBuildConfiguration;
			buildSettings = {
				ASSETCATALOG_COMPILER_APPICON_NAME = AppIcon;
				ASSETCATALOG_COMPILER_GLOBAL_ACCENT_COLOR_NAME = AccentColor;
				CODE_SIGN_STYLE = Automatic;
				CURRENT_PROJECT_VERSION = 1;
				GENERATE_INFOPLIST_FILE = YES;
				INFOPLIST_FILE = "iOS (App)/Info.plist";
				INFOPLIST_KEY_CFBundleDisplayName = NoLet;
				INFOPLIST_KEY_UIApplicationSupportsIndirectInputEvents = YES;
				INFOPLIST_KEY_UILaunchStoryboardName = LaunchScreen;
				INFOPLIST_KEY_UIMainStoryboardFile = Main;
				INFOPLIST_KEY_UISupportedInterfaceOrientations = "UIInterfaceOrientationPortrait UIInterfaceOrientationLandscapeLeft UIInterfaceOrientationLandscapeRight";
				INFOPLIST_KEY_UISupportedInterfaceOrientations_iPad = "UIInterfaceOrientationPortrait UIInterfaceOrientationPortraitUpsideDown UIInterfaceOrientationLandscapeLeft UIInterfaceOrientationLandscapeRight";
				IPHONEOS_DEPLOYMENT_TARGET = 15.0;
				LD_RUNPATH_SEARCH_PATHS = (
					"$(inherited)",
					"@executable_path/Frameworks",
				);
				MARKETING_VERSION = 1.0;
				OTHER_LDFLAGS = (
					"-framework",
					SafariServices,
					"-framework",
					WebKit,
				);
				PRODUCT_BUNDLE_IDENTIFIER = com.yourCompany.NoLet;
				PRODUCT_NAME = NoLet;
				SDKROOT = iphoneos;
				STRING_CATALOG_GENERATE_SYMBOLS = YES;
				SWIFT_APPROACHABLE_CONCURRENCY = YES;
				SWIFT_DEFAULT_ACTOR_ISOLATION = MainActor;
				SWIFT_EMIT_LOC_STRINGS = YES;
				SWIFT_UPCOMING_FEATURE_MEMBER_IMPORT_VISIBILITY = YES;
				SWIFT_VERSION = 5.0;
				TARGETED_DEVICE_FAMILY = "1,2";
			};
			name = Debug;
		};
		BA642FAF2EE2804E0066AFEB /* Release */ = {
			isa = XCBuildConfiguration;
			buildSettings = {
				ASSETCATALOG_COMPILER_APPICON_NAME = AppIcon;
				ASSETCATALOG_COMPILER_GLOBAL_ACCENT_COLOR_NAME = AccentColor;
				CODE_SIGN_STYLE = Automatic;
				CURRENT_PROJECT_VERSION = 1;
				GENERATE_INFOPLIST_FILE = YES;
				INFOPLIST_FILE = "iOS (App)/Info.plist";
				INFOPLIST_KEY_CFBundleDisplayName = NoLet;
				INFOPLIST_KEY_UIApplicationSupportsIndirectInputEvents = YES;
				INFOPLIST_KEY_UILaunchStoryboardName = LaunchScreen;
				INFOPLIST_KEY_UIMainStoryboardFile = Main;
				INFOPLIST_KEY_UISupportedInterfaceOrientations = "UIInterfaceOrientationPortrait UIInterfaceOrientationLandscapeLeft UIInterfaceOrientationLandscapeRight";
				INFOPLIST_KEY_UISupportedInterfaceOrientations_iPad = "UIInterfaceOrientationPortrait UIInterfaceOrientationPortraitUpsideDown UIInterfaceOrientationLandscapeLeft UIInterfaceOrientationLandscapeRight";
				IPHONEOS_DEPLOYMENT_TARGET = 15.0;
				LD_RUNPATH_SEARCH_PATHS = (
					"$(inherited)",
					"@executable_path/Frameworks",
				);
				MARKETING_VERSION = 1.0;
				OTHER_LDFLAGS = (
					"-framework",
					SafariServices,
					"-framework",
					WebKit,
				);
				PRODUCT_BUNDLE_IDENTIFIER = com.yourCompany.NoLet;
				PRODUCT_NAME = NoLet;
				SDKROOT = iphoneos;
				STRING_CATALOG_GENERATE_SYMBOLS = YES;
				SWIFT_APPROACHABLE_CONCURRENCY = YES;
				SWIFT_DEFAULT_ACTOR_ISOLATION = MainActor;
				SWIFT_EMIT_LOC_STRINGS = YES;
				SWIFT_UPCOMING_FEATURE_MEMBER_IMPORT_VISIBILITY = YES;
				SWIFT_VERSION = 5.0;
				TARGETED_DEVICE_FAMILY = "1,2";
				VALIDATE_PRODUCT = YES;
			};
			name = Release;
		};
		BA642FB12EE2804E0066AFEB /* Debug */ = {
			isa = XCBuildConfiguration;
			buildSettings = {
				CODE_SIGN_STYLE = Automatic;
				CURRENT_PROJECT_VERSION = 1;
				ENABLE_APP_SANDBOX = YES;
				ENABLE_HARDENED_RUNTIME = YES;
				ENABLE_USER_SELECTED_FILES = readonly;
				GENERATE_INFOPLIST_FILE = YES;
				INFOPLIST_FILE = "macOS (Extension)/Info.plist";
				INFOPLIST_KEY_CFBundleDisplayName = "NoLet Extension";
				INFOPLIST_KEY_NSHumanReadableCopyright = "";
				LD_RUNPATH_SEARCH_PATHS = (
					"$(inherited)",
					"@executable_path/../Frameworks",
					"@executable_path/../../../../Frameworks",
				);
				MACOSX_DEPLOYMENT_TARGET = 10.14;
				MARKETING_VERSION = 1.0;
				OTHER_LDFLAGS = (
					"-framework",
					SafariServices,
				);
				PRODUCT_BUNDLE_IDENTIFIER = com.yourCompany.NoLet.Extension;
				PRODUCT_NAME = "NoLet Extension";
				SDKROOT = macosx;
				SKIP_INSTALL = YES;
				STRING_CATALOG_GENERATE_SYMBOLS = YES;
				SWIFT_APPROACHABLE_CONCURRENCY = YES;
				SWIFT_EMIT_LOC_STRINGS = YES;
				SWIFT_UPCOMING_FEATURE_MEMBER_IMPORT_VISIBILITY = YES;
				SWIFT_VERSION = 5.0;
			};
			name = Debug;
		};
		BA642FB22EE2804E0066AFEB /* Release */ = {
			isa = XCBuildConfiguration;
			buildSettings = {
				CODE_SIGN_STYLE = Automatic;
				CURRENT_PROJECT_VERSION = 1;
				ENABLE_APP_SANDBOX = YES;
				ENABLE_HARDENED_RUNTIME = YES;
				ENABLE_USER_SELECTED_FILES = readonly;
				GENERATE_INFOPLIST_FILE = YES;
				INFOPLIST_FILE = "macOS (Extension)/Info.plist";
				INFOPLIST_KEY_CFBundleDisplayName = "NoLet Extension";
				INFOPLIST_KEY_NSHumanReadableCopyright = "";
				LD_RUNPATH_SEARCH_PATHS = (
					"$(inherited)",
					"@executable_path/../Frameworks",
					"@executable_path/../../../../Frameworks",
				);
				MACOSX_DEPLOYMENT_TARGET = 10.14;
				MARKETING_VERSION = 1.0;
				OTHER_LDFLAGS = (
					"-framework",
					SafariServices,
				);
				PRODUCT_BUNDLE_IDENTIFIER = com.yourCompany.NoLet.Extension;
				PRODUCT_NAME = "NoLet Extension";
				SDKROOT = macosx;
				SKIP_INSTALL = YES;
				STRING_CATALOG_GENERATE_SYMBOLS = YES;
				SWIFT_APPROACHABLE_CONCURRENCY = YES;
				SWIFT_EMIT_LOC_STRINGS = YES;
				SWIFT_UPCOMING_FEATURE_MEMBER_IMPORT_VISIBILITY = YES;
				SWIFT_VERSION = 5.0;
			};
			name = Release;
		};
		BA642FB52EE2804E0066AFEB /* Debug */ = {
			isa = XCBuildConfiguration;
			buildSettings = {
				ASSETCATALOG_COMPILER_APPICON_NAME = AppIcon;
				ASSETCATALOG_COMPILER_GLOBAL_ACCENT_COLOR_NAME = AccentColor;
				CODE_SIGN_STYLE = Automatic;
				CURRENT_PROJECT_VERSION = 1;
				ENABLE_APP_SANDBOX = YES;
				ENABLE_HARDENED_RUNTIME = YES;
				ENABLE_OUTGOING_NETWORK_CONNECTIONS = YES;
				ENABLE_USER_SELECTED_FILES = readonly;
				GENERATE_INFOPLIST_FILE = YES;
				INFOPLIST_FILE = "macOS (App)/Info.plist";
				INFOPLIST_KEY_CFBundleDisplayName = NoLet;
				INFOPLIST_KEY_NSMainStoryboardFile = Main;
				INFOPLIST_KEY_NSPrincipalClass = NSApplication;
				LD_RUNPATH_SEARCH_PATHS = (
					"$(inherited)",
					"@executable_path/../Frameworks",
				);
				MACOSX_DEPLOYMENT_TARGET = 10.14;
				MARKETING_VERSION = 1.0;
				OTHER_LDFLAGS = (
					"-framework",
					SafariServices,
					"-framework",
					WebKit,
				);
				PRODUCT_BUNDLE_IDENTIFIER = com.yourCompany.NoLet;
				PRODUCT_NAME = NoLet;
				REGISTER_APP_GROUPS = YES;
				SDKROOT = macosx;
				STRING_CATALOG_GENERATE_SYMBOLS = YES;
				SWIFT_APPROACHABLE_CONCURRENCY = YES;
				SWIFT_DEFAULT_ACTOR_ISOLATION = MainActor;
				SWIFT_EMIT_LOC_STRINGS = YES;
				SWIFT_UPCOMING_FEATURE_MEMBER_IMPORT_VISIBILITY = YES;
				SWIFT_VERSION = 5.0;
			};
			name = Debug;
		};
		BA642FB62EE2804E0066AFEB /* Release */ = {
			isa = XCBuildConfiguration;
			buildSettings = {
				ASSETCATALOG_COMPILER_APPICON_NAME = AppIcon;
				ASSETCATALOG_COMPILER_GLOBAL_ACCENT_COLOR_NAME = AccentColor;
				CODE_SIGN_STYLE = Automatic;
				CURRENT_PROJECT_VERSION = 1;
				ENABLE_APP_SANDBOX = YES;
				ENABLE_HARDENED_RUNTIME = YES;
				ENABLE_OUTGOING_NETWORK_CONNECTIONS = YES;
				ENABLE_USER_SELECTED_FILES = readonly;
				GENERATE_INFOPLIST_FILE = YES;
				INFOPLIST_FILE = "macOS (App)/Info.plist";
				INFOPLIST_KEY_CFBundleDisplayName = NoLet;
				INFOPLIST_KEY_NSMainStoryboardFile = Main;
				INFOPLIST_KEY_NSPrincipalClass = NSApplication;
				LD_RUNPATH_SEARCH_PATHS = (
					"$(inherited)",
					"@executable_path/../Frameworks",
				);
				MACOSX_DEPLOYMENT_TARGET = 10.14;
				MARKETING_VERSION = 1.0;
				OTHER_LDFLAGS = (
					"-framework",
					SafariServices,
					"-framework",
					WebKit,
				);
				PRODUCT_BUNDLE_IDENTIFIER = com.yourCompany.NoLet;
				PRODUCT_NAME = NoLet;
				REGISTER_APP_GROUPS = YES;
				SDKROOT = macosx;
				STRING_CATALOG_GENERATE_SYMBOLS = YES;
				SWIFT_APPROACHABLE_CONCURRENCY = YES;
				SWIFT_DEFAULT_ACTOR_ISOLATION = MainActor;
				SWIFT_EMIT_LOC_STRINGS = YES;
				SWIFT_UPCOMING_FEATURE_MEMBER_IMPORT_VISIBILITY = YES;
				SWIFT_VERSION = 5.0;
			};
			name = Release;
		};
/* End XCBuildConfiguration section */

/* Begin XCConfigurationList section */
		BA642F5B2EE2804B0066AFEB /* Build configuration list for PBXProject "NoLet" */ = {
			isa = XCConfigurationList;
			buildConfigurations = (
				BA642FA72EE2804E0066AFEB /* Debug */,
				BA642FA82EE2804E0066AFEB /* Release */,
			);
			defaultConfigurationIsVisible = 0;
			defaultConfigurationName = Release;
		};
		BA642FA92EE2804E0066AFEB /* Build configuration list for PBXNativeTarget "NoLet Extension (iOS)" */ = {
			isa = XCConfigurationList;
			buildConfigurations = (
				BA642FAA2EE2804E0066AFEB /* Debug */,
				BA642FAB2EE2804E0066AFEB /* Release */,
			);
			defaultConfigurationIsVisible = 0;
			defaultConfigurationName = Release;
		};
		BA642FAD2EE2804E0066AFEB /* Build configuration list for PBXNativeTarget "NoLet (iOS)" */ = {
			isa = XCConfigurationList;
			buildConfigurations = (
				BA642FAE2EE2804E0066AFEB /* Debug */,
				BA642FAF2EE2804E0066AFEB /* Release */,
			);
			defaultConfigurationIsVisible = 0;
			defaultConfigurationName = Release;
		};
		BA642FB02EE2804E0066AFEB /* Build configuration list for PBXNativeTarget "NoLet Extension (macOS)" */ = {
			isa = XCConfigurationList;
			buildConfigurations = (
				BA642FB12EE2804E0066AFEB /* Debug */,
				BA642FB22EE2804E0066AFEB /* Release */,
			);
			defaultConfigurationIsVisible = 0;
			defaultConfigurationName = Release;
		};
		BA642FB42EE2804E0066AFEB /* Build configuration list for PBXNativeTarget "NoLet (macOS)" */ = {
			isa = XCConfigurationList;
			buildConfigurations = (
				BA642FB52EE2804E0066AFEB /* Debug */,
				BA642FB62EE2804E0066AFEB /* Release */,
			);
			defaultConfigurationIsVisible = 0;
			defaultConfigurationName = Release;
		};
/* End XCConfigurationList section */
	};
	rootObject = BA642F582EE2804B0066AFEB /* Project object */;
}
